
Microsoft Visual Studio Solution File, Format Version 12.00
# Visual Studio 2012
Project("{FAE04EC0-301F-11D3-BF4B-00C04F79EFBC}") = "HNCluster", "HNCluster\HNCluster.csproj", "{848A5E9F-F079-41B2-9895-F9DC889CD900}"
EndProject
Project("{FAE04EC0-301F-11D3-BF4B-00C04F79EFBC}") = "Wiki", "Wiki\Wiki.csproj", "{D845D3F1-E5B9-41AA-9D82-8C22453A3D48}"
EndProject
Project("{FAE04EC0-301F-11D3-BF4B-00C04F79EFBC}") = "Clustering", "Clustering\Clustering.csproj", "{BA1DA30C-2711-463E-A8DC-5B86712AAB45}"
EndProject
Project("{FAE04EC0-301F-11D3-BF4B-00C04F79EFBC}") = "WikiTest", "WikiTest\WikiTest.csproj", "{77EB1F58-4EEB-4F9E-9A4B-8AB55EF3CFFF}"
EndProject
Project("{FAE04EC0-301F-11D3-BF4B-00C04F79EFBC}") = "ClusteringTest", "ClusteringTest\ClusteringTest.csproj", "{C2FC8047-CDC6-4B03-BA18-460361058ECB}"
EndProject
Project("{FAE04EC0-301F-11D3-BF4B-00C04F79EFBC}") = "Recommender", "Recommender\Recommender.csproj", "{7A550942-DB67-40A7-8D6C-DA25751361BB}"
EndProject
Project("{FAE04EC0-301F-11D3-BF4B-00C04F79EFBC}") = "UIControlLibrary", "UIControlLibrary\UIControlLibrary.csproj", "{F2FA7C28-C966-4379-8E3F-8185AF8B3BA6}"
EndProject
Project("{FAE04EC0-301F-11D3-BF4B-00C04F79EFBC}") = "HNClusterUI", "HNClusterUI\HNClusterUI.csproj", "{1B059255-5382-40B4-BCB9-FE7A6C4F6EB6}"
EndProject
Global
	GlobalSection(SolutionConfigurationPlatforms) = preSolution
		Debug|Any CPU = Debug|Any CPU
		Release|Any CPU = Release|Any CPU
	EndGlobalSection
	GlobalSection(ProjectConfigurationPlatforms) = postSolution
		{848A5E9F-F079-41B2-9895-F9DC889CD900}.Debug|Any CPU.ActiveCfg = Debug|Any CPU
		{848A5E9F-F079-41B2-9895-F9DC889CD900}.Debug|Any CPU.Build.0 = Debug|Any CPU
		{848A5E9F-F079-41B2-9895-F9DC889CD900}.Release|Any CPU.ActiveCfg = Release|Any CPU
		{848A5E9F-F079-41B2-9895-F9DC889CD900}.Release|Any CPU.Build.0 = Release|Any CPU
		{D845D3F1-E5B9-41AA-9D82-8C22453A3D48}.Debug|Any CPU.ActiveCfg = Debug|Any CPU
		{D845D3F1-E5B9-41AA-9D82-8C22453A3D48}.Debug|Any CPU.Build.0 = Debug|Any CPU
		{D845D3F1-E5B9-41AA-9D82-8C22453A3D48}.Release|Any CPU.ActiveCfg = Release|Any CPU
		{D845D3F1-E5B9-41AA-9D82-8C22453A3D48}.Release|Any CPU.Build.0 = Release|Any CPU
		{BA1DA30C-2711-463E-A8DC-5B86712AAB45}.Debug|Any CPU.ActiveCfg = Debug|Any CPU
		{BA1DA30C-2711-463E-A8DC-5B86712AAB45}.Debug|Any CPU.Build.0 = Debug|Any CPU
		{BA1DA30C-2711-463E-A8DC-5B86712AAB45}.Release|Any CPU.ActiveCfg = Release|Any CPU
		{BA1DA30C-2711-463E-A8DC-5B86712AAB45}.Release|Any CPU.Build.0 = Release|Any CPU
		{77EB1F58-4EEB-4F9E-9A4B-8AB55EF3CFFF}.Debug|Any CPU.ActiveCfg = Debug|Any CPU
		{77EB1F58-4EEB-4F9E-9A4B-8AB55EF3CFFF}.Debug|Any CPU.Build.0 = Debug|Any CPU
		{77EB1F58-4EEB-4F9E-9A4B-8AB55EF3CFFF}.Release|Any CPU.ActiveCfg = Release|Any CPU
		{77EB1F58-4EEB-4F9E-9A4B-8AB55EF3CFFF}.Release|Any CPU.Build.0 = Release|Any CPU
		{C2FC8047-CDC6-4B03-BA18-460361058ECB}.Debug|Any CPU.ActiveCfg = Debug|Any CPU
		{C2FC8047-CDC6-4B03-BA18-460361058ECB}.Debug|Any CPU.Build.0 = Debug|Any CPU
		{C2FC8047-CDC6-4B03-BA18-460361058ECB}.Release|Any CPU.ActiveCfg = Release|Any CPU
		{C2FC8047-CDC6-4B03-BA18-460361058ECB}.Release|Any CPU.Build.0 = Release|Any CPU
		{7A550942-DB67-40A7-8D6C-DA25751361BB}.Debug|Any CPU.ActiveCfg = Debug|Any CPU
		{7A550942-DB67-40A7-8D6C-DA25751361BB}.Debug|Any CPU.Build.0 = Debug|Any CPU
		{7A550942-DB67-40A7-8D6C-DA25751361BB}.Release|Any CPU.ActiveCfg = Release|Any CPU
		{7A550942-DB67-40A7-8D6C-DA25751361BB}.Release|Any CPU.Build.0 = Release|Any CPU
		{F2FA7C28-C966-4379-8E3F-8185AF8B3BA6}.Debug|Any CPU.ActiveCfg = Debug|Any CPU
		{F2FA7C28-C966-4379-8E3F-8185AF8B3BA6}.Debug|Any CPU.Build.0 = Debug|Any CPU
		{F2FA7C28-C966-4379-8E3F-8185AF8B3BA6}.Release|Any CPU.ActiveCfg = Release|Any CPU
		{F2FA7C28-C966-4379-8E3F-8185AF8B3BA6}.Release|Any CPU.Build.0 = Release|Any CPU
		{1B059255-5382-40B4-BCB9-FE7A6C4F6EB6}.Debug|Any CPU.ActiveCfg = Debug|Any CPU
		{1B059255-5382-40B4-BCB9-FE7A6C4F6EB6}.Debug|Any CPU.Build.0 = Debug|Any CPU
		{1B059255-5382-40B4-BCB9-FE7A6C4F6EB6}.Release|Any CPU.ActiveCfg = Release|Any CPU
		{1B059255-5382-40B4-BCB9-FE7A6C4F6EB6}.Release|Any CPU.Build.0 = Release|Any CPU
	EndGlobalSection
	GlobalSection(SolutionProperties) = preSolution
		HideSolutionNode = FALSE
	EndGlobalSection
EndGlobal
